{
    "_meta": {
        "hash": {
            "sha256": "15ca9f2903e34ddb29f99cc5a5190cc9f74a5c378487ea5c616fbfffa8ef47cc"
        },
        "pipfile-spec": 6,
        "requires": {
            "python_version": "3.8"
        },
        "sources": [
            {
                "name": "pypi",
                "url": "https://pypi.org/simple",
                "verify_ssl": true
            }
        ]
    },
    "default": {
        "numpy": {
            "hashes": [
                "sha256:0cfe07133fd00b27edee5e6385e333e9eeb010607e8a46e1cd673f05f8596595",
                "sha256:11a1f3816ea82eed4178102c56281782690ab5993251fdfd75039aad4d20385f",
                "sha256:2762331de395739c91f1abb88041f94a080cb1143aeec791b3b223976228af3f",
                "sha256:283d9de87c0133ef98f93dfc09fad3fb382f2a15580de75c02b5bb36a5a159a5",
                "sha256:3d22662b4b10112c545c91a0741f2436f8ca979ab3d69d03d19322aa970f9695",
                "sha256:41388e32e40b41dd56eb37fcaa7488b2b47b0adf77c66154d6b89622c110dfe9",
                "sha256:42c16cec1c8cf2728f1d539bd55aaa9d6bb48a7de2f41eb944697293ef65a559",
                "sha256:47ee7a839f5885bc0c63a74aabb91f6f40d7d7b639253768c4199b37aede7982",
                "sha256:5a311ee4d983c487a0ab546708edbdd759393a3dc9cd30305170149fedd23c88",
                "sha256:5dc65644f75a4c2970f21394ad8bea1a844104f0fe01f278631be1c7eae27226",
                "sha256:6ed0d073a9c54ac40c41a9c2d53fcc3d4d4ed607670b9e7b0de1ba13b4cbfe6f",
                "sha256:76ba7c40e80f9dc815c5e896330700fd6e20814e69da9c1267d65a4d051080f1",
                "sha256:818b9be7900e8dc23e013a92779135623476f44a0de58b40c32a15368c01d471",
                "sha256:a024181d7aef0004d76fb3bce2a4c9f2e67a609a9e2a6ff2571d30e9976aa383",
                "sha256:a955e4128ac36797aaffd49ab44ec74a71c11d6938df83b1285492d277db5397",
                "sha256:a97a954a8c2f046d3817c2bce16e3c7e9a9c2afffaf0400f5c16df5172a67c9c",
                "sha256:a97e82c39d9856fe7d4f9b86d8a1e66eff99cf3a8b7ba48202f659703d27c46f",
                "sha256:b55b953a1bdb465f4dc181758570d321db4ac23005f90ffd2b434cc6609a63dd",
                "sha256:bb02929b0d6bfab4c48a79bd805bd7419114606947ec8284476167415171f55b",
                "sha256:bece0a4a49e60e472a6d1f70ac6cdea00f9ab80ff01132f96bd970cdd8a9e5a9",
                "sha256:e41e8951749c4b5c9a2dc5fdbc1a4eec6ab2a140fdae9b460b0f557eed870f4d",
                "sha256:f71d57cc8645f14816ae249407d309be250ad8de93ef61d9709b45a0ddf4050c"
            ],
            "index": "pypi",
            "version": "==1.22.0"
        },
        "ortools": {
            "hashes": [
                "sha256:05273768c38b603e4605ef5ee2beb80f877f0b7a2cc59639a2d4c5d877c659db",
                "sha256:200eea97fd5ca524cbcb2a54cacde3da0df47061a0e048ab4f34ccdb9633aef5",
                "sha256:271ab0cad19c598f83877ea8b37484a3f87aacc741ac0cf56ad9900965c9f041",
                "sha256:2a1f0095989b8e4dfe40e0c806b4a7f51e5a42806fdac1b2750aecb2d424626e",
                "sha256:2dc97b706f618c019997c4441ad47a3fca99f8cb76af25e169bfdda5dd767695",
                "sha256:4ad95879c30863f9a753c8bf6388a316d92e0ba4b6c73dbad1d81f37c011b2ac",
                "sha256:8984b89437effb070ac030335f3ffa300da5a403c92c09454759739a0252aa86",
                "sha256:be2969390a8d13a13fc3e6aedfc90e19df344f916e4db050200df3c489fdb05b",
                "sha256:c6c99da57d1921eb248bc4f188be724e6783ee05a2cc37b04d4658d5643f7ae6",
                "sha256:d26d0bb5ab1427b7b95278a82ca951798bcb12abd44128e2f9de3640b5e26c0f"
            ],
            "index": "pypi",
            "version": "==7.6.7691"
        },
        "plotly": {
            "hashes": [
                "sha256:0c7950c6396b060dd66110f286e21a3485d0912aea22b73b8faf358484fb81e9",
                "sha256:d3fea527fe3dfdd55d7334318f107b05a8407474a0fffe6cd4726c9b99e624f1"
            ],
            "index": "pypi",
            "version": "==4.8.1"
        },
        "protobuf": {
            "hashes": [
                "sha256:0d4719e724472e296062ba8e82a36d64693fcfdb550d9dff98af70ca79eafe3d",
                "sha256:2b35602cb65d53c168c104469e714bf68670335044c38eee3c899d6a8af03ffc",
                "sha256:32fff501b6df3050936d1839b80ea5899bf34db24792d223d7640611f67de15a",
                "sha256:34400fd76f85bdae9a2e9c1444ea4699c0280962423eff4418765deceebd81b5",
                "sha256:3767c64593a49c7ac0accd08ed39ce42744405f0989d468f0097a17496fdbe84",
                "sha256:3f2ed842e8ca43b790cb4a101bcf577226e0ded98a6a6ba2d5e12095a08dc4da",
                "sha256:52c1e44e25f2949be7ffa7c66acbfea940b0945dd416920231f7cb30ea5ac6db",
                "sha256:5d9b5c8270461706973c3871c6fbdd236b51dfe9dab652f1fb6a36aa88287e47",
                "sha256:72d357cc4d834cc85bd957e8b8e1f4b64c2eac9ca1a942efeb8eb2e723fca852",
                "sha256:79cd8d0a269b714f6b32641f86928c718e8d234466919b3f552bfb069dbb159b",
                "sha256:a4c0c6f2f95a559e59a0258d3e4b186f340cbdc5adec5ce1bc06d01972527c88",
                "sha256:b309fda192850ac4184ca1777aab9655564bc8d10a9cc98f10e1c8bf11295c22",
                "sha256:b3d7d4b4945fe3c001403b6c24442901a5e58c0a3059290f5a63523ed4435f82",
                "sha256:c8829092c5aeb61619161269b2f8a2e36fd7cb26abbd9282d3bc453f02769146"
            ],
            "markers": "python_version >= '3.7'",
            "version": "==4.21.1"
        },
        "retrying": {
            "hashes": [
                "sha256:08c039560a6da2fe4f2c426d0766e284d3b736e355f8dd24b37367b0bb41973b"
            ],
            "version": "==1.3.3"
        },
        "scipy": {
            "hashes": [
                "sha256:00af72998a46c25bdb5824d2b729e7dabec0c765f9deb0b504f928591f5ff9d4",
                "sha256:0902a620a381f101e184a958459b36d3ee50f5effd186db76e131cbefcbb96f7",
                "sha256:1e3190466d669d658233e8a583b854f6386dd62d655539b77b3fa25bfb2abb70",
                "sha256:2cce3f9847a1a51019e8c5b47620da93950e58ebc611f13e0d11f4980ca5fecb",
                "sha256:3092857f36b690a321a662fe5496cb816a7f4eecd875e1d36793d92d3f884073",
                "sha256:386086e2972ed2db17cebf88610aab7d7f6e2c0ca30042dc9a89cf18dcc363fa",
                "sha256:71eb180f22c49066f25d6df16f8709f215723317cc951d99e54dc88020ea57be",
                "sha256:770254a280d741dd3436919d47e35712fb081a6ff8bafc0f319382b954b77802",
                "sha256:787cc50cab3020a865640aba3485e9fbd161d4d3b0d03a967df1a2881320512d",
                "sha256:8a07760d5c7f3a92e440ad3aedcc98891e915ce857664282ae3c0220f3301eb6",
                "sha256:8d3bc3993b8e4be7eade6dcc6fd59a412d96d3a33fa42b0fa45dc9e24495ede9",
                "sha256:9508a7c628a165c2c835f2497837bf6ac80eb25291055f56c129df3c943cbaf8",
                "sha256:a144811318853a23d32a07bc7fd5561ff0cac5da643d96ed94a4ffe967d89672",
                "sha256:a1aae70d52d0b074d8121333bc807a485f9f1e6a69742010b33780df2e60cfe0",
                "sha256:a2d6df9eb074af7f08866598e4ef068a2b310d98f87dc23bd1b90ec7bdcec802",
                "sha256:bb517872058a1f087c4528e7429b4a44533a902644987e7b2fe35ecc223bc408",
                "sha256:c5cac0c0387272ee0e789e94a570ac51deb01c796b37fb2aad1fb13f85e2f97d",
                "sha256:cc971a82ea1170e677443108703a2ec9ff0f70752258d0e9f5433d00dda01f59",
                "sha256:dba8306f6da99e37ea08c08fef6e274b5bf8567bb094d1dbe86a20e532aca088",
                "sha256:dc60bb302f48acf6da8ca4444cfa17d52c63c5415302a9ee77b3b21618090521",
                "sha256:dee1bbf3a6c8f73b6b218cb28eed8dd13347ea2f87d572ce19b289d6fd3fbc59"
            ],
            "index": "pypi",
            "version": "==1.4.1"
        },
        "six": {
            "hashes": [
                "sha256:1e61c37477a1626458e36f7b1d82aa5c9b094fa4802892072e49de9c60c4c926",
                "sha256:8abb2f1d86890a2dfb989f9a77cfcfd3e47c2a354b01111771326f8aa26e0254"
            ],
            "markers": "python_version >= '2.7' and python_version not in '3.0, 3.1, 3.2, 3.3'",
            "version": "==1.16.0"
        }
    },
    "develop": {}
}
